// !$*UTF8*$!
{
	archiveVersion = 1;
	classes = {
	};
	objectVersion = 56;
	objects = {

/* Begin PBXBuildFile section */
		529BE7B6A7F1D9C7724CA287 /* Pods_ExamSaleHere.framework in Frameworks */ = {isa = PBXBuildFile; fileRef = 9DF4EAF7F093F52F2FA82790 /* Pods_ExamSaleHere.framework */; };
		6FCABF068BC409403C5C3791 /* Pods_ExamSaleHere_ExamSaleHereUITests.framework in Frameworks */ = {isa = PBXBuildFile; fileRef = 3CE7AEDE25C3D6473996FC45 /* Pods_ExamSaleHere_ExamSaleHereUITests.framework */; };
		A652281F5B333700C664D514 /* Pods_ExamSaleHereTests.framework in Frameworks */ = {isa = PBXBuildFile; fileRef = DF8B06527758A073ACE67C33 /* Pods_ExamSaleHereTests.framework */; };
		EF0919B7298BEB56007D6954 /* SocketManager.swift in Sources */ = {isa = PBXBuildFile; fileRef = EF0919B6298BEB56007D6954 /* SocketManager.swift */; };
		EF0919B9298BF87F007D6954 /* TabBarController.swift in Sources */ = {isa = PBXBuildFile; fileRef = EF0919B8298BF87F007D6954 /* TabBarController.swift */; };
		EF2080F9298B82D3007C224C /* GoalViewController.swift in Sources */ = {isa = PBXBuildFile; fileRef = EF2080F8298B82D3007C224C /* GoalViewController.swift */; };
		EF2080FB298B9857007C224C /* CategoryCell.swift in Sources */ = {isa = PBXBuildFile; fileRef = EF2080FA298B9857007C224C /* CategoryCell.swift */; };
		EF2080FD298B9C43007C224C /* Category.swift in Sources */ = {isa = PBXBuildFile; fileRef = EF2080FC298B9C43007C224C /* Category.swift */; };
		EF2080FF298B9F29007C224C /* ViewController.swift in Sources */ = {isa = PBXBuildFile; fileRef = EF2080FE298B9F29007C224C /* ViewController.swift */; };
		EF208102298BA256007C224C /* CustomTextField.xib in Resources */ = {isa = PBXBuildFile; fileRef = EF208101298BA256007C224C /* CustomTextField.xib */; };
		EF208104298BA29A007C224C /* CustomTextField.swift in Sources */ = {isa = PBXBuildFile; fileRef = EF208103298BA29A007C224C /* CustomTextField.swift */; };
		EF208107298BAC8A007C224C /* CustomPickerView.swift in Sources */ = {isa = PBXBuildFile; fileRef = EF208106298BAC8A007C224C /* CustomPickerView.swift */; };
		EF208109298BAC94007C224C /* CustomPickerView.xib in Resources */ = {isa = PBXBuildFile; fileRef = EF208108298BAC94007C224C /* CustomPickerView.xib */; };
		EF42329D298B6127005D6630 /* AcheivementViewController.swift in Sources */ = {isa = PBXBuildFile; fileRef = EF42329C298B6127005D6630 /* AcheivementViewController.swift */; };
		EF782DFC298A94B300EB748B /* AppDelegate.swift in Sources */ = {isa = PBXBuildFile; fileRef = EF782DFB298A94B300EB748B /* AppDelegate.swift */; };
		EF782DFE298A94B300EB748B /* SceneDelegate.swift in Sources */ = {isa = PBXBuildFile; fileRef = EF782DFD298A94B300EB748B /* SceneDelegate.swift */; };
		EF782E00298A94B300EB748B /* HomeViewController.swift in Sources */ = {isa = PBXBuildFile; fileRef = EF782DFF298A94B300EB748B /* HomeViewController.swift */; };
		EF782E03298A94B300EB748B /* Main.storyboard in Resources */ = {isa = PBXBuildFile; fileRef = EF782E01298A94B300EB748B /* Main.storyboard */; };
		EF782E05298A94B500EB748B /* Assets.xcassets in Resources */ = {isa = PBXBuildFile; fileRef = EF782E04298A94B500EB748B /* Assets.xcassets */; };
		EF782E08298A94B500EB748B /* LaunchScreen.storyboard in Resources */ = {isa = PBXBuildFile; fileRef = EF782E06298A94B500EB748B /* LaunchScreen.storyboard */; };
		EF782E13298A94B500EB748B /* ExamSaleHereTests.swift in Sources */ = {isa = PBXBuildFile; fileRef = EF782E12298A94B500EB748B /* ExamSaleHereTests.swift */; };
		EF782E1D298A94B500EB748B /* ExamSaleHereUITests.swift in Sources */ = {isa = PBXBuildFile; fileRef = EF782E1C298A94B500EB748B /* ExamSaleHereUITests.swift */; };
		EF782E1F298A94B500EB748B /* ExamSaleHereUITestsLaunchTests.swift in Sources */ = {isa = PBXBuildFile; fileRef = EF782E1E298A94B500EB748B /* ExamSaleHereUITestsLaunchTests.swift */; };
		EFE3CB79298AB7DE0096409E /* GoalsView.xib in Resources */ = {isa = PBXBuildFile; fileRef = EFE3CB78298AB7DE0096409E /* GoalsView.xib */; };
		EFE3CB7B298AB8B90096409E /* GoalsView.swift in Sources */ = {isa = PBXBuildFile; fileRef = EFE3CB7A298AB8B90096409E /* GoalsView.swift */; };
		EFE3CB7F298ABAD30096409E /* ViewNib.swift in Sources */ = {isa = PBXBuildFile; fileRef = EFE3CB7E298ABAD30096409E /* ViewNib.swift */; };
		EFE3CB83298ABC410096409E /* GoalCell.xib in Resources */ = {isa = PBXBuildFile; fileRef = EFE3CB82298ABC410096409E /* GoalCell.xib */; };
		EFE3CB85298AC4650096409E /* GoalCell.swift in Sources */ = {isa = PBXBuildFile; fileRef = EFE3CB84298AC4650096409E /* GoalCell.swift */; };
		EFE3CB87298AD6380096409E /* Number.swift in Sources */ = {isa = PBXBuildFile; fileRef = EFE3CB86298AD6380096409E /* Number.swift */; };
		EFE3CB8A298AD78D0096409E /* Goal.swift in Sources */ = {isa = PBXBuildFile; fileRef = EFE3CB89298AD78D0096409E /* Goal.swift */; };
		EFE3CB97298AE40E0096409E /* BannersView.xib in Resources */ = {isa = PBXBuildFile; fileRef = EFE3CB96298AE40E0096409E /* BannersView.xib */; };
		EFE3CB99298AE44A0096409E /* BannersView.swift in Sources */ = {isa = PBXBuildFile; fileRef = EFE3CB98298AE44A0096409E /* BannersView.swift */; };
		EFE3CB9C298AE5710096409E /* BannerCell.swift in Sources */ = {isa = PBXBuildFile; fileRef = EFE3CB9B298AE5710096409E /* BannerCell.swift */; };
		EFE3CBA0298AE9D10096409E /* Image.swift in Sources */ = {isa = PBXBuildFile; fileRef = EFE3CB9F298AE9D10096409E /* Image.swift */; };
/* End PBXBuildFile section */

/* Begin PBXContainerItemProxy section */
		EF782E0F298A94B500EB748B /* PBXContainerItemProxy */ = {
			isa = PBXContainerItemProxy;
			containerPortal = EF782DF0298A94B300EB748B /* Project object */;
			proxyType = 1;
			remoteGlobalIDString = EF782DF7298A94B300EB748B;
			remoteInfo = ExamSaleHere;
		};
		EF782E19298A94B500EB748B /* PBXContainerItemProxy */ = {
			isa = PBXContainerItemProxy;
			containerPortal = EF782DF0298A94B300EB748B /* Project object */;
			proxyType = 1;
			remoteGlobalIDString = EF782DF7298A94B300EB748B;
			remoteInfo = ExamSaleHere;
		};
/* End PBXContainerItemProxy section */

/* Begin PBXFileReference section */
		3CE7AEDE25C3D6473996FC45 /* Pods_ExamSaleHere_ExamSaleHereUITests.framework */ = {isa = PBXFileReference; explicitFileType = wrapper.framework; includeInIndex = 0; path = Pods_ExamSaleHere_ExamSaleHereUITests.framework; sourceTree = BUILT_PRODUCTS_DIR; };
		480F4534685EC012ECC82AAE /* Pods-ExamSaleHere.release.xcconfig */ = {isa = PBXFileReference; includeInIndex = 1; lastKnownFileType = text.xcconfig; name = "Pods-ExamSaleHere.release.xcconfig"; path = "Target Support Files/Pods-ExamSaleHere/Pods-ExamSaleHere.release.xcconfig"; sourceTree = "<group>"; };
		4937D8818DD570B7BAD3F38E /* Pods-ExamSaleHere.debug.xcconfig */ = {isa = PBXFileReference; includeInIndex = 1; lastKnownFileType = text.xcconfig; name = "Pods-ExamSaleHere.debug.xcconfig"; path = "Target Support Files/Pods-ExamSaleHere/Pods-ExamSaleHere.debug.xcconfig"; sourceTree = "<group>"; };
		7D1DAC044C7AA7CB1A9F7929 /* Pods-ExamSaleHereTests.debug.xcconfig */ = {isa = PBXFileReference; includeInIndex = 1; lastKnownFileType = text.xcconfig; name = "Pods-ExamSaleHereTests.debug.xcconfig"; path = "Target Support Files/Pods-ExamSaleHereTests/Pods-ExamSaleHereTests.debug.xcconfig"; sourceTree = "<group>"; };
		9DF4EAF7F093F52F2FA82790 /* Pods_ExamSaleHere.framework */ = {isa = PBXFileReference; explicitFileType = wrapper.framework; includeInIndex = 0; path = Pods_ExamSaleHere.framework; sourceTree = BUILT_PRODUCTS_DIR; };
		B0638D2E9FFB47F55A7BB445 /* Pods-ExamSaleHere-ExamSaleHereUITests.debug.xcconfig */ = {isa = PBXFileReference; includeInIndex = 1; lastKnownFileType = text.xcconfig; name = "Pods-ExamSaleHere-ExamSaleHereUITests.debug.xcconfig"; path = "Target Support Files/Pods-ExamSaleHere-ExamSaleHereUITests/Pods-ExamSaleHere-ExamSaleHereUITests.debug.xcconfig"; sourceTree = "<group>"; };
		BFE7D4DC2E35A8D0C111FEFB /* Pods-ExamSaleHereTests.release.xcconfig */ = {isa = PBXFileReference; includeInIndex = 1; lastKnownFileType = text.xcconfig; name = "Pods-ExamSaleHereTests.release.xcconfig"; path = "Target Support Files/Pods-ExamSaleHereTests/Pods-ExamSaleHereTests.release.xcconfig"; sourceTree = "<group>"; };
		DF4396676FC89FAE4707255B /* Pods-ExamSaleHere-ExamSaleHereUITests.release.xcconfig */ = {isa = PBXFileReference; includeInIndex = 1; lastKnownFileType = text.xcconfig; name = "Pods-ExamSaleHere-ExamSaleHereUITests.release.xcconfig"; path = "Target Support Files/Pods-ExamSaleHere-ExamSaleHereUITests/Pods-ExamSaleHere-ExamSaleHereUITests.release.xcconfig"; sourceTree = "<group>"; };
		DF8B06527758A073ACE67C33 /* Pods_ExamSaleHereTests.framework */ = {isa = PBXFileReference; explicitFileType = wrapper.framework; includeInIndex = 0; path = Pods_ExamSaleHereTests.framework; sourceTree = BUILT_PRODUCTS_DIR; };
		EF0919B6298BEB56007D6954 /* SocketManager.swift */ = {isa = PBXFileReference; lastKnownFileType = sourcecode.swift; path = SocketManager.swift; sourceTree = "<group>"; };
		EF0919B8298BF87F007D6954 /* TabBarController.swift */ = {isa = PBXFileReference; lastKnownFileType = sourcecode.swift; path = TabBarController.swift; sourceTree = "<group>"; };
		EF2080F8298B82D3007C224C /* GoalViewController.swift */ = {isa = PBXFileReference; lastKnownFileType = sourcecode.swift; path = GoalViewController.swift; sourceTree = "<group>"; };
		EF2080FA298B9857007C224C /* CategoryCell.swift */ = {isa = PBXFileReference; lastKnownFileType = sourcecode.swift; path = CategoryCell.swift; sourceTree = "<group>"; };
		EF2080FC298B9C43007C224C /* Category.swift */ = {isa = PBXFileReference; lastKnownFileType = sourcecode.swift; path = Category.swift; sourceTree = "<group>"; };
		EF2080FE298B9F29007C224C /* ViewController.swift */ = {isa = PBXFileReference; lastKnownFileType = sourcecode.swift; path = ViewController.swift; sourceTree = "<group>"; };
		EF208101298BA256007C224C /* CustomTextField.xib */ = {isa = PBXFileReference; lastKnownFileType = file.xib; path = CustomTextField.xib; sourceTree = "<group>"; };
		EF208103298BA29A007C224C /* CustomTextField.swift */ = {isa = PBXFileReference; lastKnownFileType = sourcecode.swift; path = CustomTextField.swift; sourceTree = "<group>"; };
		EF208106298BAC8A007C224C /* CustomPickerView.swift */ = {isa = PBXFileReference; lastKnownFileType = sourcecode.swift; path = CustomPickerView.swift; sourceTree = "<group>"; };
		EF208108298BAC94007C224C /* CustomPickerView.xib */ = {isa = PBXFileReference; lastKnownFileType = file.xib; path = CustomPickerView.xib; sourceTree = "<group>"; };
		EF42329C298B6127005D6630 /* AcheivementViewController.swift */ = {isa = PBXFileReference; lastKnownFileType = sourcecode.swift; path = AcheivementViewController.swift; sourceTree = "<group>"; };
		EF782DF8298A94B300EB748B /* ExamSaleHere.app */ = {isa = PBXFileReference; explicitFileType = wrapper.application; includeInIndex = 0; path = ExamSaleHere.app; sourceTree = BUILT_PRODUCTS_DIR; };
		EF782DFB298A94B300EB748B /* AppDelegate.swift */ = {isa = PBXFileReference; lastKnownFileType = sourcecode.swift; path = AppDelegate.swift; sourceTree = "<group>"; };
		EF782DFD298A94B300EB748B /* SceneDelegate.swift */ = {isa = PBXFileReference; lastKnownFileType = sourcecode.swift; path = SceneDelegate.swift; sourceTree = "<group>"; };
		EF782DFF298A94B300EB748B /* HomeViewController.swift */ = {isa = PBXFileReference; lastKnownFileType = sourcecode.swift; path = HomeViewController.swift; sourceTree = "<group>"; };
		EF782E02298A94B300EB748B /* Base */ = {isa = PBXFileReference; lastKnownFileType = file.storyboard; name = Base; path = Base.lproj/Main.storyboard; sourceTree = "<group>"; };
		EF782E04298A94B500EB748B /* Assets.xcassets */ = {isa = PBXFileReference; lastKnownFileType = folder.assetcatalog; path = Assets.xcassets; sourceTree = "<group>"; };
		EF782E07298A94B500EB748B /* Base */ = {isa = PBXFileReference; lastKnownFileType = file.storyboard; name = Base; path = Base.lproj/LaunchScreen.storyboard; sourceTree = "<group>"; };
		EF782E09298A94B500EB748B /* Info.plist */ = {isa = PBXFileReference; lastKnownFileType = text.plist.xml; path = Info.plist; sourceTree = "<group>"; };
		EF782E0E298A94B500EB748B /* ExamSaleHereTests.xctest */ = {isa = PBXFileReference; explicitFileType = wrapper.cfbundle; includeInIndex = 0; path = ExamSaleHereTests.xctest; sourceTree = BUILT_PRODUCTS_DIR; };
		EF782E12298A94B500EB748B /* ExamSaleHereTests.swift */ = {isa = PBXFileReference; lastKnownFileType = sourcecode.swift; path = ExamSaleHereTests.swift; sourceTree = "<group>"; };
		EF782E18298A94B500EB748B /* ExamSaleHereUITests.xctest */ = {isa = PBXFileReference; explicitFileType = wrapper.cfbundle; includeInIndex = 0; path = ExamSaleHereUITests.xctest; sourceTree = BUILT_PRODUCTS_DIR; };
		EF782E1C298A94B500EB748B /* ExamSaleHereUITests.swift */ = {isa = PBXFileReference; lastKnownFileType = sourcecode.swift; path = ExamSaleHereUITests.swift; sourceTree = "<group>"; };
		EF782E1E298A94B500EB748B /* ExamSaleHereUITestsLaunchTests.swift */ = {isa = PBXFileReference; lastKnownFileType = sourcecode.swift; path = ExamSaleHereUITestsLaunchTests.swift; sourceTree = "<group>"; };
		EFE3CB78298AB7DE0096409E /* GoalsView.xib */ = {isa = PBXFileReference; lastKnownFileType = file.xib; path = GoalsView.xib; sourceTree = "<group>"; };
		EFE3CB7A298AB8B90096409E /* GoalsView.swift */ = {isa = PBXFileReference; lastKnownFileType = sourcecode.swift; path = GoalsView.swift; sourceTree = "<group>"; };
		EFE3CB7E298ABAD30096409E /* ViewNib.swift */ = {isa = PBXFileReference; lastKnownFileType = sourcecode.swift; path = ViewNib.swift; sourceTree = "<group>"; };
		EFE3CB82298ABC410096409E /* GoalCell.xib */ = {isa = PBXFileReference; lastKnownFileType = file.xib; path = GoalCell.xib; sourceTree = "<group>"; };
		EFE3CB84298AC4650096409E /* GoalCell.swift */ = {isa = PBXFileReference; lastKnownFileType = sourcecode.swift; path = GoalCell.swift; sourceTree = "<group>"; };
		EFE3CB86298AD6380096409E /* Number.swift */ = {isa = PBXFileReference; lastKnownFileType = sourcecode.swift; path = Number.swift; sourceTree = "<group>"; };
		EFE3CB89298AD78D0096409E /* Goal.swift */ = {isa = PBXFileReference; lastKnownFileType = sourcecode.swift; path = Goal.swift; sourceTree = "<group>"; };
		EFE3CB96298AE40E0096409E /* BannersView.xib */ = {isa = PBXFileReference; lastKnownFileType = file.xib; path = BannersView.xib; sourceTree = "<group>"; };
		EFE3CB98298AE44A0096409E /* BannersView.swift */ = {isa = PBXFileReference; lastKnownFileType = sourcecode.swift; path = BannersView.swift; sourceTree = "<group>"; };
		EFE3CB9B298AE5710096409E /* BannerCell.swift */ = {isa = PBXFileReference; lastKnownFileType = sourcecode.swift; path = BannerCell.swift; sourceTree = "<group>"; };
		EFE3CB9F298AE9D10096409E /* Image.swift */ = {isa = PBXFileReference; lastKnownFileType = sourcecode.swift; path = Image.swift; sourceTree = "<group>"; };
/* End PBXFileReference section */

/* Begin PBXFrameworksBuildPhase section */
		EF782DF5298A94B300EB748B /* Frameworks */ = {
			isa = PBXFrameworksBuildPhase;
			buildActionMask = 2147483647;
			files = (
				529BE7B6A7F1D9C7724CA287 /* Pods_ExamSaleHere.framework in Frameworks */,
			);
			runOnlyForDeploymentPostprocessing = 0;
		};
		EF782E0B298A94B500EB748B /* Frameworks */ = {
			isa = PBXFrameworksBuildPhase;
			buildActionMask = 2147483647;
			files = (
				A652281F5B333700C664D514 /* Pods_ExamSaleHereTests.framework in Frameworks */,
			);
			runOnlyForDeploymentPostprocessing = 0;
		};
		EF782E15298A94B500EB748B /* Frameworks */ = {
			isa = PBXFrameworksBuildPhase;
			buildActionMask = 2147483647;
			files = (
				6FCABF068BC409403C5C3791 /* Pods_ExamSaleHere_ExamSaleHereUITests.framework in Frameworks */,
			);
			runOnlyForDeploymentPostprocessing = 0;
		};
/* End PBXFrameworksBuildPhase section */

/* Begin PBXGroup section */
		1E6C96263D80B75D731A5482 /* Frameworks */ = {
			isa = PBXGroup;
			children = (
				9DF4EAF7F093F52F2FA82790 /* Pods_ExamSaleHere.framework */,
				3CE7AEDE25C3D6473996FC45 /* Pods_ExamSaleHere_ExamSaleHereUITests.framework */,
				DF8B06527758A073ACE67C33 /* Pods_ExamSaleHereTests.framework */,
			);
			name = Frameworks;
			sourceTree = "<group>";
		};
		EF208100298BA238007C224C /* TextField */ = {
			isa = PBXGroup;
			children = (
				EF208101298BA256007C224C /* CustomTextField.xib */,
				EF208103298BA29A007C224C /* CustomTextField.swift */,
			);
			path = TextField;
			sourceTree = "<group>";
		};
		EF208105298BAC6F007C224C /* PickerView */ = {
			isa = PBXGroup;
			children = (
				EF208106298BAC8A007C224C /* CustomPickerView.swift */,
				EF208108298BAC94007C224C /* CustomPickerView.xib */,
			);
			path = PickerView;
			sourceTree = "<group>";
		};
		EF782DEF298A94B300EB748B = {
			isa = PBXGroup;
			children = (
				EF782DFA298A94B300EB748B /* ExamSaleHere */,
				EF782E11298A94B500EB748B /* ExamSaleHereTests */,
				EF782E1B298A94B500EB748B /* ExamSaleHereUITests */,
				EF782DF9298A94B300EB748B /* Products */,
				FDBE0492B8C6551FCBD73B50 /* Pods */,
				1E6C96263D80B75D731A5482 /* Frameworks */,
			);
			sourceTree = "<group>";
		};
		EF782DF9298A94B300EB748B /* Products */ = {
			isa = PBXGroup;
			children = (
				EF782DF8298A94B300EB748B /* ExamSaleHere.app */,
				EF782E0E298A94B500EB748B /* ExamSaleHereTests.xctest */,
				EF782E18298A94B500EB748B /* ExamSaleHereUITests.xctest */,
			);
			name = Products;
			sourceTree = "<group>";
		};
		EF782DFA298A94B300EB748B /* ExamSaleHere */ = {
			isa = PBXGroup;
			children = (
				EFE3CB8B298ADF100096409E /* Scenes */,
				EFE3CB88298AD77E0096409E /* Models */,
				EFE3CB7D298ABAC50096409E /* Helper */,
				EFE3CB77298AB7B50096409E /* Views */,
				EF782DFB298A94B300EB748B /* AppDelegate.swift */,
				EF782DFD298A94B300EB748B /* SceneDelegate.swift */,
				EF782E01298A94B300EB748B /* Main.storyboard */,
				EF782E04298A94B500EB748B /* Assets.xcassets */,
				EF782E06298A94B500EB748B /* LaunchScreen.storyboard */,
				EF782E09298A94B500EB748B /* Info.plist */,
			);
			path = ExamSaleHere;
			sourceTree = "<group>";
		};
		EF782E11298A94B500EB748B /* ExamSaleHereTests */ = {
			isa = PBXGroup;
			children = (
				EF782E12298A94B500EB748B /* ExamSaleHereTests.swift */,
			);
			path = ExamSaleHereTests;
			sourceTree = "<group>";
		};
		EF782E1B298A94B500EB748B /* ExamSaleHereUITests */ = {
			isa = PBXGroup;
			children = (
				EF782E1C298A94B500EB748B /* ExamSaleHereUITests.swift */,
				EF782E1E298A94B500EB748B /* ExamSaleHereUITestsLaunchTests.swift */,
			);
			path = ExamSaleHereUITests;
			sourceTree = "<group>";
		};
		EFE3CB77298AB7B50096409E /* Views */ = {
			isa = PBXGroup;
			children = (
				EF208105298BAC6F007C224C /* PickerView */,
				EF208100298BA238007C224C /* TextField */,
				EFE3CB95298AE3EE0096409E /* BannersView */,
				EFE3CB80298ABB670096409E /* GoalsView */,
				EF2080FA298B9857007C224C /* CategoryCell.swift */,
				EF0919B8298BF87F007D6954 /* TabBarController.swift */,
			);
			path = Views;
			sourceTree = "<group>";
		};
		EFE3CB7D298ABAC50096409E /* Helper */ = {
			isa = PBXGroup;
			children = (
				EFE3CB7E298ABAD30096409E /* ViewNib.swift */,
				EF0919B6298BEB56007D6954 /* SocketManager.swift */,
				EF2080FE298B9F29007C224C /* ViewController.swift */,
				EFE3CB86298AD6380096409E /* Number.swift */,
				EFE3CB9F298AE9D10096409E /* Image.swift */,
			);
			path = Helper;
			sourceTree = "<group>";
		};
		EFE3CB80298ABB670096409E /* GoalsView */ = {
			isa = PBXGroup;
			children = (
				EFE3CB81298ABC270096409E /* GoalCell */,
				EFE3CB78298AB7DE0096409E /* GoalsView.xib */,
				EFE3CB7A298AB8B90096409E /* GoalsView.swift */,
			);
			path = GoalsView;
			sourceTree = "<group>";
		};
		EFE3CB81298ABC270096409E /* GoalCell */ = {
			isa = PBXGroup;
			children = (
				EFE3CB82298ABC410096409E /* GoalCell.xib */,
				EFE3CB84298AC4650096409E /* GoalCell.swift */,
			);
			path = GoalCell;
			sourceTree = "<group>";
		};
		EFE3CB88298AD77E0096409E /* Models */ = {
			isa = PBXGroup;
			children = (
				EFE3CB89298AD78D0096409E /* Goal.swift */,
				EF2080FC298B9C43007C224C /* Category.swift */,
			);
			path = Models;
			sourceTree = "<group>";
		};
		EFE3CB8B298ADF100096409E /* Scenes */ = {
			isa = PBXGroup;
			children = (
				EF782DFF298A94B300EB748B /* HomeViewController.swift */,
				EF2080F8298B82D3007C224C /* GoalViewController.swift */,
				EF42329C298B6127005D6630 /* AcheivementViewController.swift */,
			);
			path = Scenes;
			sourceTree = "<group>";
		};
		EFE3CB95298AE3EE0096409E /* BannersView */ = {
			isa = PBXGroup;
			children = (
				EFE3CB9A298AE5670096409E /* BannerCell */,
				EFE3CB96298AE40E0096409E /* BannersView.xib */,
				EFE3CB98298AE44A0096409E /* BannersView.swift */,
			);
			path = BannersView;
			sourceTree = "<group>";
		};
		EFE3CB9A298AE5670096409E /* BannerCell */ = {
			isa = PBXGroup;
			children = (
				EFE3CB9B298AE5710096409E /* BannerCell.swift */,
			);
			path = BannerCell;
			sourceTree = "<group>";
		};
		FDBE0492B8C6551FCBD73B50 /* Pods */ = {
			isa = PBXGroup;
			children = (
				4937D8818DD570B7BAD3F38E /* Pods-ExamSaleHere.debug.xcconfig */,
				480F4534685EC012ECC82AAE /* Pods-ExamSaleHere.release.xcconfig */,
				B0638D2E9FFB47F55A7BB445 /* Pods-ExamSaleHere-ExamSaleHereUITests.debug.xcconfig */,
				DF4396676FC89FAE4707255B /* Pods-ExamSaleHere-ExamSaleHereUITests.release.xcconfig */,
				7D1DAC044C7AA7CB1A9F7929 /* Pods-ExamSaleHereTests.debug.xcconfig */,
				BFE7D4DC2E35A8D0C111FEFB /* Pods-ExamSaleHereTests.release.xcconfig */,
			);
			path = Pods;
			sourceTree = "<group>";
		};
/* End PBXGroup section */

/* Begin PBXNativeTarget section */
		EF782DF7298A94B300EB748B /* ExamSaleHere */ = {
			isa = PBXNativeTarget;
			buildConfigurationList = EF782E22298A94B500EB748B /* Build configuration list for PBXNativeTarget "ExamSaleHere" */;
			buildPhases = (
				EAC53FCBE6B42F58B2B98CD5 /* [CP] Check Pods Manifest.lock */,
				EF782DF4298A94B300EB748B /* Sources */,
				EF782DF5298A94B300EB748B /* Frameworks */,
				EF782DF6298A94B300EB748B /* Resources */,
				599E616940C280E6BE9A9C03 /* [CP] Embed Pods Frameworks */,
			);
			buildRules = (
			);
			dependencies = (
			);
			name = ExamSaleHere;
			productName = ExamSaleHere;
			productReference = EF782DF8298A94B300EB748B /* ExamSaleHere.app */;
			productType = "com.apple.product-type.application";
		};
		EF782E0D298A94B500EB748B /* ExamSaleHereTests */ = {
			isa = PBXNativeTarget;
			buildConfigurationList = EF782E25298A94B500EB748B /* Build configuration list for PBXNativeTarget "ExamSaleHereTests" */;
			buildPhases = (
				62A7CA393173E743C66FBD75 /* [CP] Check Pods Manifest.lock */,
				EF782E0A298A94B500EB748B /* Sources */,
				EF782E0B298A94B500EB748B /* Frameworks */,
				EF782E0C298A94B500EB748B /* Resources */,
			);
			buildRules = (
			);
			dependencies = (
				EF782E10298A94B500EB748B /* PBXTargetDependency */,
			);
			name = ExamSaleHereTests;
			productName = ExamSaleHereTests;
			productReference = EF782E0E298A94B500EB748B /* ExamSaleHereTests.xctest */;
			productType = "com.apple.product-type.bundle.unit-test";
		};
		EF782E17298A94B500EB748B /* ExamSaleHereUITests */ = {
			isa = PBXNativeTarget;
			buildConfigurationList = EF782E28298A94B500EB748B /* Build configuration list for PBXNativeTarget "ExamSaleHereUITests" */;
			buildPhases = (
				A3E03F13499DF00A72F15A68 /* [CP] Check Pods Manifest.lock */,
				EF782E14298A94B500EB748B /* Sources */,
				EF782E15298A94B500EB748B /* Frameworks */,
				EF782E16298A94B500EB748B /* Resources */,
				CDD381B193769E6FE714D3BB /* [CP] Embed Pods Frameworks */,
			);
			buildRules = (
			);
			dependencies = (
				EF782E1A298A94B500EB748B /* PBXTargetDependency */,
			);
			name = ExamSaleHereUITests;
			productName = ExamSaleHereUITests;
			productReference = EF782E18298A94B500EB748B /* ExamSaleHereUITests.xctest */;
			productType = "com.apple.product-type.bundle.ui-testing";
		};
/* End PBXNativeTarget section */

/* Begin PBXProject section */
		EF782DF0298A94B300EB748B /* Project object */ = {
			isa = PBXProject;
			attributes = {
				BuildIndependentTargetsInParallel = 1;
				LastSwiftUpdateCheck = 1420;
				LastUpgradeCheck = 1420;
				TargetAttributes = {
					EF782DF7298A94B300EB748B = {
						CreatedOnToolsVersion = 14.2;
					};
					EF782E0D298A94B500EB748B = {
						CreatedOnToolsVersion = 14.2;
						TestTargetID = EF782DF7298A94B300EB748B;
					};
					EF782E17298A94B500EB748B = {
						CreatedOnToolsVersion = 14.2;
						TestTargetID = EF782DF7298A94B300EB748B;
					};
				};
			};
			buildConfigurationList = EF782DF3298A94B300EB748B /* Build configuration list for PBXProject "ExamSaleHere" */;
			compatibilityVersion = "Xcode 14.0";
			developmentRegion = en;
			hasScannedForEncodings = 0;
			knownRegions = (
				en,
				Base,
			);
			mainGroup = EF782DEF298A94B300EB748B;
			productRefGroup = EF782DF9298A94B300EB748B /* Products */;
			projectDirPath = "";
			projectRoot = "";
			targets = (
				EF782DF7298A94B300EB748B /* ExamSaleHere */,
				EF782E0D298A94B500EB748B /* ExamSaleHereTests */,
				EF782E17298A94B500EB748B /* ExamSaleHereUITests */,
			);
		};
/* End PBXProject section */

/* Begin PBXResourcesBuildPhase section */
		EF782DF6298A94B300EB748B /* Resources */ = {
			isa = PBXResourcesBuildPhase;
			buildActionMask = 2147483647;
			files = (
				EFE3CB97298AE40E0096409E /* BannersView.xib in Resources */,
				EF208109298BAC94007C224C /* CustomPickerView.xib in Resources */,
				EF782E08298A94B500EB748B /* LaunchScreen.storyboard in Resources */,
				EF782E05298A94B500EB748B /* Assets.xcassets in Resources */,
				EF782E03298A94B300EB748B /* Main.storyboard in Resources */,
				EF208102298BA256007C224C /* CustomTextField.xib in Resources */,
				EFE3CB79298AB7DE0096409E /* GoalsView.xib in Resources */,
				EFE3CB83298ABC410096409E /* GoalCell.xib in Resources */,
			);
			runOnlyForDeploymentPostprocessing = 0;
		};
		EF782E0C298A94B500EB748B /* Resources */ = {
			isa = PBXResourcesBuildPhase;
			buildActionMask = 2147483647;
			files = (
			);
			runOnlyForDeploymentPostprocessing = 0;
		};
		EF782E16298A94B500EB748B /* Resources */ = {
			isa = PBXResourcesBuildPhase;
			buildActionMask = 2147483647;
			files = (
			);
			runOnlyForDeploymentPostprocessing = 0;
		};
/* End PBXResourcesBuildPhase section */

/* Begin PBXShellScriptBuildPhase section */
		599E616940C280E6BE9A9C03 /* [CP] Embed Pods Frameworks */ = {
			isa = PBXShellScriptBuildPhase;
			buildActionMask = 2147483647;
			files = (
			);
			inputFileListPaths = (
				"${PODS_ROOT}/Target Support Files/Pods-ExamSaleHere/Pods-ExamSaleHere-frameworks-${CONFIGURATION}-input-files.xcfilelist",
			);
			name = "[CP] Embed Pods Frameworks";
			outputFileListPaths = (
				"${PODS_ROOT}/Target Support Files/Pods-ExamSaleHere/Pods-ExamSaleHere-frameworks-${CONFIGURATION}-output-files.xcfilelist",
			);
			runOnlyForDeploymentPostprocessing = 0;
			shellPath = /bin/sh;
			shellScript = "\"${PODS_ROOT}/Target Support Files/Pods-ExamSaleHere/Pods-ExamSaleHere-frameworks.sh\"\n";
			showEnvVarsInLog = 0;
		};
		62A7CA393173E743C66FBD75 /* [CP] Check Pods Manifest.lock */ = {
			isa = PBXShellScriptBuildPhase;
			buildActionMask = 2147483647;
			files = (
			);
			inputFileListPaths = (
			);
			inputPaths = (
				"${PODS_PODFILE_DIR_PATH}/Podfile.lock",
				"${PODS_ROOT}/Manifest.lock",
			);
			name = "[CP] Check Pods Manifest.lock";
			outputFileListPaths = (
			);
			outputPaths = (
				"$(DERIVED_FILE_DIR)/Pods-ExamSaleHereTests-checkManifestLockResult.txt",
			);
			runOnlyForDeploymentPostprocessing = 0;
			shellPath = /bin/sh;
			shellScript = "diff \"${PODS_PODFILE_DIR_PATH}/Podfile.lock\" \"${PODS_ROOT}/Manifest.lock\" > /dev/null\nif [ $? != 0 ] ; then\n    # print error to STDERR\n    echo \"error: The sandbox is not in sync with the Podfile.lock. Run 'pod install' or update your CocoaPods installation.\" >&2\n    exit 1\nfi\n# This output is used by Xcode 'outputs' to avoid re-running this script phase.\necho \"SUCCESS\" > \"${SCRIPT_OUTPUT_FILE_0}\"\n";
			showEnvVarsInLog = 0;
		};
		A3E03F13499DF00A72F15A68 /* [CP] Check Pods Manifest.lock */ = {
			isa = PBXShellScriptBuildPhase;
			buildActionMask = 2147483647;
			files = (
			);
			inputFileListPaths = (
			);
			inputPaths = (
				"${PODS_PODFILE_DIR_PATH}/Podfile.lock",
				"${PODS_ROOT}/Manifest.lock",
			);
			name = "[CP] Check Pods Manifest.lock";
			outputFileListPaths = (
			);
			outputPaths = (
				"$(DERIVED_FILE_DIR)/Pods-ExamSaleHere-ExamSaleHereUITests-checkManifestLockResult.txt",
			);
			runOnlyForDeploymentPostprocessing = 0;
			shellPath = /bin/sh;
			shellScript = "diff \"${PODS_PODFILE_DIR_PATH}/Podfile.lock\" \"${PODS_ROOT}/Manifest.lock\" > /dev/null\nif [ $? != 0 ] ; then\n    # print error to STDERR\n    echo \"error: The sandbox is not in sync with the Podfile.lock. Run 'pod install' or update your CocoaPods installation.\" >&2\n    exit 1\nfi\n# This output is used by Xcode 'outputs' to avoid re-running this script phase.\necho \"SUCCESS\" > \"${SCRIPT_OUTPUT_FILE_0}\"\n";
			showEnvVarsInLog = 0;
		};
		CDD381B193769E6FE714D3BB /* [CP] Embed Pods Frameworks */ = {
			isa = PBXShellScriptBuildPhase;
			buildActionMask = 2147483647;
			files = (
			);
			inputFileListPaths = (
				"${PODS_ROOT}/Target Support Files/Pods-ExamSaleHere-ExamSaleHereUITests/Pods-ExamSaleHere-ExamSaleHereUITests-frameworks-${CONFIGURATION}-input-files.xcfilelist",
			);
			name = "[CP] Embed Pods Frameworks";
			outputFileListPaths = (
				"${PODS_ROOT}/Target Support Files/Pods-ExamSaleHere-ExamSaleHereUITests/Pods-ExamSaleHere-ExamSaleHereUITests-frameworks-${CONFIGURATION}-output-files.xcfilelist",
			);
			runOnlyForDeploymentPostprocessing = 0;
			shellPath = /bin/sh;
			shellScript = "\"${PODS_ROOT}/Target Support Files/Pods-ExamSaleHere-ExamSaleHereUITests/Pods-ExamSaleHere-ExamSaleHereUITests-frameworks.sh\"\n";
			showEnvVarsInLog = 0;
		};
		EAC53FCBE6B42F58B2B98CD5 /* [CP] Check Pods Manifest.lock */ = {
			isa = PBXShellScriptBuildPhase;
			buildActionMask = 2147483647;
			files = (
			);
			inputFileListPaths = (
			);
			inputPaths = (
				"${PODS_PODFILE_DIR_PATH}/Podfile.lock",
				"${PODS_ROOT}/Manifest.lock",
			);
			name = "[CP] Check Pods Manifest.lock";
			outputFileListPaths = (
			);
			outputPaths = (
				"$(DERIVED_FILE_DIR)/Pods-ExamSaleHere-checkManifestLockResult.txt",
			);
			runOnlyForDeploymentPostprocessing = 0;
			shellPath = /bin/sh;
			shellScript = "diff \"${PODS_PODFILE_DIR_PATH}/Podfile.lock\" \"${PODS_ROOT}/Manifest.lock\" > /dev/null\nif [ $? != 0 ] ; then\n    # print error to STDERR\n    echo \"error: The sandbox is not in sync with the Podfile.lock. Run 'pod install' or update your CocoaPods installation.\" >&2\n    exit 1\nfi\n# This output is used by Xcode 'outputs' to avoid re-running this script phase.\necho \"SUCCESS\" > \"${SCRIPT_OUTPUT_FILE_0}\"\n";
			showEnvVarsInLog = 0;
		};
/* End PBXShellScriptBuildPhase section */

/* Begin PBXSourcesBuildPhase section */
		EF782DF4298A94B300EB748B /* Sources */ = {
			isa = PBXSourcesBuildPhase;
			buildActionMask = 2147483647;
			files = (
				EFE3CB8A298AD78D0096409E /* Goal.swift in Sources */,
				EF2080FB298B9857007C224C /* CategoryCell.swift in Sources */,
				EFE3CB9C298AE5710096409E /* BannerCell.swift in Sources */,
				EF42329D298B6127005D6630 /* AcheivementViewController.swift in Sources */,
				EF2080F9298B82D3007C224C /* GoalViewController.swift in Sources */,
				EF782E00298A94B300EB748B /* HomeViewController.swift in Sources */,
				EF0919B7298BEB56007D6954 /* SocketManager.swift in Sources */,
				EFE3CB99298AE44A0096409E /* BannersView.swift in Sources */,
				EFE3CB87298AD6380096409E /* Number.swift in Sources */,
				EF208104298BA29A007C224C /* CustomTextField.swift in Sources */,
				EF782DFC298A94B300EB748B /* AppDelegate.swift in Sources */,
				EFE3CB85298AC4650096409E /* GoalCell.swift in Sources */,
				EF782DFE298A94B300EB748B /* SceneDelegate.swift in Sources */,
				EF0919B9298BF87F007D6954 /* TabBarController.swift in Sources */,
				EF2080FD298B9C43007C224C /* Category.swift in Sources */,
				EFE3CB7F298ABAD30096409E /* ViewNib.swift in Sources */,
				EFE3CBA0298AE9D10096409E /* Image.swift in Sources */,
				EF208107298BAC8A007C224C /* CustomPickerView.swift in Sources */,
				EF2080FF298B9F29007C224C /* ViewController.swift in Sources */,
				EFE3CB7B298AB8B90096409E /* GoalsView.swift in Sources */,
			);
			runOnlyForDeploymentPostprocessing = 0;
		};
		EF782E0A298A94B500EB748B /* Sources */ = {
			isa = PBXSourcesBuildPhase;
			buildActionMask = 2147483647;
			files = (
				EF782E13298A94B500EB748B /* ExamSaleHereTests.swift in Sources */,
			);
			runOnlyForDeploymentPostprocessing = 0;
		};
		EF782E14298A94B500EB748B /* Sources */ = {
			isa = PBXSourcesBuildPhase;
			buildActionMask = 2147483647;
			files = (
				EF782E1F298A94B500EB748B /* ExamSaleHereUITestsLaunchTests.swift in Sources */,
				EF782E1D298A94B500EB748B /* ExamSaleHereUITests.swift in Sources */,
			);
			runOnlyForDeploymentPostprocessing = 0;
		};
/* End PBXSourcesBuildPhase section */

/* Begin PBXTargetDependency section */
		EF782E10298A94B500EB748B /* PBXTargetDependency */ = {
			isa = PBXTargetDependency;
			target = EF782DF7298A94B300EB748B /* ExamSaleHere */;
			targetProxy = EF782E0F298A94B500EB748B /* PBXContainerItemProxy */;
		};
		EF782E1A298A94B500EB748B /* PBXTargetDependency */ = {
			isa = PBXTargetDependency;
			target = EF782DF7298A94B300EB748B /* ExamSaleHere */;
			targetProxy = EF782E19298A94B500EB748B /* PBXContainerItemProxy */;
		};
/* End PBXTargetDependency section */

/* Begin PBXVariantGroup section */
		EF782E01298A94B300EB748B /* Main.storyboard */ = {
			isa = PBXVariantGroup;
			children = (
				EF782E02298A94B300EB748B /* Base */,
			);
			name = Main.storyboard;
			sourceTree = "<group>";
		};
		EF782E06298A94B500EB748B /* LaunchScreen.storyboard */ = {
			isa = PBXVariantGroup;
			children = (
				EF782E07298A94B500EB748B /* Base */,
			);
			name = LaunchScreen.storyboard;
			sourceTree = "<group>";
		};
/* End PBXVariantGroup section */

/* Begin XCBuildConfiguration section */
		EF782E20298A94B500EB748B /* Debug */ = {
			isa = XCBuildConfiguration;
			buildSettings = {
				ALWAYS_SEARCH_USER_PATHS = NO;
				CLANG_ANALYZER_NONNULL = YES;
				CLANG_ANALYZER_NUMBER_OBJECT_CONVERSION = YES_AGGRESSIVE;
				CLANG_CXX_LANGUAGE_STANDARD = "gnu++20";
				CLANG_ENABLE_MODULES = YES;
				CLANG_ENABLE_OBJC_ARC = YES;
				CLANG_ENABLE_OBJC_WEAK = YES;
				CLANG_WARN_BLOCK_CAPTURE_AUTORELEASING = YES;
				CLANG_WARN_BOOL_CONVERSION = YES;
				CLANG_WARN_COMMA = YES;
				CLANG_WARN_CONSTANT_CONVERSION = YES;
				CLANG_WARN_DEPRECATED_OBJC_IMPLEMENTATIONS = YES;
				CLANG_WARN_DIRECT_OBJC_ISA_USAGE = YES_ERROR;
				CLANG_WARN_DOCUMENTATION_COMMENTS = YES;
				CLANG_WARN_EMPTY_BODY = YES;
				CLANG_WARN_ENUM_CONVERSION = YES;
				CLANG_WARN_INFINITE_RECURSION = YES;
				CLANG_WARN_INT_CONVERSION = YES;
				CLANG_WARN_NON_LITERAL_NULL_CONVERSION = YES;
				CLANG_WARN_OBJC_IMPLICIT_RETAIN_SELF = YES;
				CLANG_WARN_OBJC_LITERAL_CONVERSION = YES;
				CLANG_WARN_OBJC_ROOT_CLASS = YES_ERROR;
				CLANG_WARN_QUOTED_INCLUDE_IN_FRAMEWORK_HEADER = YES;
				CLANG_WARN_RANGE_LOOP_ANALYSIS = YES;
				CLANG_WARN_STRICT_PROTOTYPES = YES;
				CLANG_WARN_SUSPICIOUS_MOVE = YES;
				CLANG_WARN_UNGUARDED_AVAILABILITY = YES_AGGRESSIVE;
				CLANG_WARN_UNREACHABLE_CODE = YES;
				CLANG_WARN__DUPLICATE_METHOD_MATCH = YES;
				COPY_PHASE_STRIP = NO;
				DEBUG_INFORMATION_FORMAT = dwarf;
				ENABLE_STRICT_OBJC_MSGSEND = YES;
				ENABLE_TESTABILITY = YES;
				GCC_C_LANGUAGE_STANDARD = gnu11;
				GCC_DYNAMIC_NO_PIC = NO;
				GCC_NO_COMMON_BLOCKS = YES;
				GCC_OPTIMIZATION_LEVEL = 0;
				GCC_PREPROCESSOR_DEFINITIONS = (
					"DEBUG=1",
					"$(inherited)",
				);
				GCC_WARN_64_TO_32_BIT_CONVERSION = YES;
				GCC_WARN_ABOUT_RETURN_TYPE = YES_ERROR;
				GCC_WARN_UNDECLARED_SELECTOR = YES;
				GCC_WARN_UNINITIALIZED_AUTOS = YES_AGGRESSIVE;
				GCC_WARN_UNUSED_FUNCTION = YES;
				GCC_WARN_UNUSED_VARIABLE = YES;
				IPHONEOS_DEPLOYMENT_TARGET = 16.2;
				MTL_ENABLE_DEBUG_INFO = INCLUDE_SOURCE;
				MTL_FAST_MATH = YES;
				ONLY_ACTIVE_ARCH = YES;
				SDKROOT = iphoneos;
				SWIFT_ACTIVE_COMPILATION_CONDITIONS = DEBUG;
				SWIFT_OPTIMIZATION_LEVEL = "-Onone";
			};
			name = Debug;
		};
		EF782E21298A94B500EB748B /* Release */ = {
			isa = XCBuildConfiguration;
			buildSettings = {
				ALWAYS_SEARCH_USER_PATHS = NO;
				CLANG_ANALYZER_NONNULL = YES;
				CLANG_ANALYZER_NUMBER_OBJECT_CONVERSION = YES_AGGRESSIVE;
				CLANG_CXX_LANGUAGE_STANDARD = "gnu++20";
				CLANG_ENABLE_MODULES = YES;
				CLANG_ENABLE_OBJC_ARC = YES;
				CLANG_ENABLE_OBJC_WEAK = YES;
				CLANG_WARN_BLOCK_CAPTURE_AUTORELEASING = YES;
				CLANG_WARN_BOOL_CONVERSION = YES;
				CLANG_WARN_COMMA = YES;
				CLANG_WARN_CONSTANT_CONVERSION = YES;
				CLANG_WARN_DEPRECATED_OBJC_IMPLEMENTATIONS = YES;
				CLANG_WARN_DIRECT_OBJC_ISA_USAGE = YES_ERROR;
				CLANG_WARN_DOCUMENTATION_COMMENTS = YES;
				CLANG_WARN_EMPTY_BODY = YES;
				CLANG_WARN_ENUM_CONVERSION = YES;
				CLANG_WARN_INFINITE_RECURSION = YES;
				CLANG_WARN_INT_CONVERSION = YES;
				CLANG_WARN_NON_LITERAL_NULL_CONVERSION = YES;
				CLANG_WARN_OBJC_IMPLICIT_RETAIN_SELF = YES;
				CLANG_WARN_OBJC_LITERAL_CONVERSION = YES;
				CLANG_WARN_OBJC_ROOT_CLASS = YES_ERROR;
				CLANG_WARN_QUOTED_INCLUDE_IN_FRAMEWORK_HEADER = YES;
				CLANG_WARN_RANGE_LOOP_ANALYSIS = YES;
				CLANG_WARN_STRICT_PROTOTYPES = YES;
				CLANG_WARN_SUSPICIOUS_MOVE = YES;
				CLANG_WARN_UNGUARDED_AVAILABILITY = YES_AGGRESSIVE;
				CLANG_WARN_UNREACHABLE_CODE = YES;
				CLANG_WARN__DUPLICATE_METHOD_MATCH = YES;
				COPY_PHASE_STRIP = NO;
				DEBUG_INFORMATION_FORMAT = "dwarf-with-dsym";
				ENABLE_NS_ASSERTIONS = NO;
				ENABLE_STRICT_OBJC_MSGSEND = YES;
				GCC_C_LANGUAGE_STANDARD = gnu11;
				GCC_NO_COMMON_BLOCKS = YES;
				GCC_WARN_64_TO_32_BIT_CONVERSION = YES;
				GCC_WARN_ABOUT_RETURN_TYPE = YES_ERROR;
				GCC_WARN_UNDECLARED_SELECTOR = YES;
				GCC_WARN_UNINITIALIZED_AUTOS = YES_AGGRESSIVE;
				GCC_WARN_UNUSED_FUNCTION = YES;
				GCC_WARN_UNUSED_VARIABLE = YES;
				IPHONEOS_DEPLOYMENT_TARGET = 16.2;
				MTL_ENABLE_DEBUG_INFO = NO;
				MTL_FAST_MATH = YES;
				SDKROOT = iphoneos;
				SWIFT_COMPILATION_MODE = wholemodule;
				SWIFT_OPTIMIZATION_LEVEL = "-O";
				VALIDATE_PRODUCT = YES;
			};
			name = Release;
		};
		EF782E23298A94B500EB748B /* Debug */ = {
			isa = XCBuildConfiguration;
			baseConfigurationReference = 4937D8818DD570B7BAD3F38E /* Pods-ExamSaleHere.debug.xcconfig */;
			buildSettings = {
				ASSETCATALOG_COMPILER_APPICON_NAME = AppIcon;
				ASSETCATALOG_COMPILER_GLOBAL_ACCENT_COLOR_NAME = AccentColor;
				CODE_SIGN_STYLE = Automatic;
				CURRENT_PROJECT_VERSION = 1;
				GENERATE_INFOPLIST_FILE = YES;
				INFOPLIST_FILE = ExamSaleHere/Info.plist;
				INFOPLIST_KEY_UIApplicationSupportsIndirectInputEvents = YES;
				INFOPLIST_KEY_UILaunchStoryboardName = LaunchScreen;
				INFOPLIST_KEY_UIMainStoryboardFile = Main;
				INFOPLIST_KEY_UISupportedInterfaceOrientations_iPad = "UIInterfaceOrientationPortrait UIInterfaceOrientationPortraitUpsideDown UIInterfaceOrientationLandscapeLeft UIInterfaceOrientationLandscapeRight";
				INFOPLIST_KEY_UISupportedInterfaceOrientations_iPhone = "UIInterfaceOrientationPortrait UIInterfaceOrientationLandscapeLeft UIInterfaceOrientationLandscapeRight";
				LD_RUNPATH_SEARCH_PATHS = (
					"$(inherited)",
					"@executable_path/Frameworks",
				);
				MARKETING_VERSION = 1.0;
				PRODUCT_BUNDLE_IDENTIFIER = strong.com.ExamSaleHere;
				PRODUCT_NAME = "$(TARGET_NAME)";
				SWIFT_EMIT_LOC_STRINGS = YES;
				SWIFT_VERSION = 5.0;
				TARGETED_DEVICE_FAMILY = "1,2";
			};
			name = Debug;
		};
		EF782E24298A94B500EB748B /* Release */ = {
			isa = XCBuildConfiguration;
			baseConfigurationReference = 480F4534685EC012ECC82AAE /* Pods-ExamSaleHere.release.xcconfig */;
			buildSettings = {
				ASSETCATALOG_COMPILER_APPICON_NAME = AppIcon;
				ASSETCATALOG_COMPILER_GLOBAL_ACCENT_COLOR_NAME = AccentColor;
				CODE_SIGN_STYLE = Automatic;
				CURRENT_PROJECT_VERSION = 1;
				GENERATE_INFOPLIST_FILE = YES;
				INFOPLIST_FILE = ExamSaleHere/Info.plist;
				INFOPLIST_KEY_UIApplicationSupportsIndirectInputEvents = YES;
				INFOPLIST_KEY_UILaunchStoryboardName = LaunchScreen;
				INFOPLIST_KEY_UIMainStoryboardFile = Main;
				INFOPLIST_KEY_UISupportedInterfaceOrientations_iPad = "UIInterfaceOrientationPortrait UIInterfaceOrientationPortraitUpsideDown UIInterfaceOrientationLandscapeLeft UIInterfaceOrientationLandscapeRight";
				INFOPLIST_KEY_UISupportedInterfaceOrientations_iPhone = "UIInterfaceOrientationPortrait UIInterfaceOrientationLandscapeLeft UIInterfaceOrientationLandscapeRight";
				LD_RUNPATH_SEARCH_PATHS = (
					"$(inherited)",
					"@executable_path/Frameworks",
				);
				MARKETING_VERSION = 1.0;
				PRODUCT_BUNDLE_IDENTIFIER = strong.com.ExamSaleHere;
				PRODUCT_NAME = "$(TARGET_NAME)";
				SWIFT_EMIT_LOC_STRINGS = YES;
				SWIFT_VERSION = 5.0;
				TARGETED_DEVICE_FAMILY = "1,2";
			};
			name = Release;
		};
		EF782E26298A94B500EB748B /* Debug */ = {
			isa = XCBuildConfiguration;
			baseConfigurationReference = 7D1DAC044C7AA7CB1A9F7929 /* Pods-ExamSaleHereTests.debug.xcconfig */;
			buildSettings = {
				ALWAYS_EMBED_SWIFT_STANDARD_LIBRARIES = YES;
				BUNDLE_LOADER = "$(TEST_HOST)";
				CODE_SIGN_STYLE = Automatic;
				CURRENT_PROJECT_VERSION = 1;
				GENERATE_INFOPLIST_FILE = YES;
				IPHONEOS_DEPLOYMENT_TARGET = 16.2;
				MARKETING_VERSION = 1.0;
				PRODUCT_BUNDLE_IDENTIFIER = strong.com.ExamSaleHereTests;
				PRODUCT_NAME = "$(TARGET_NAME)";
				SWIFT_EMIT_LOC_STRINGS = NO;
				SWIFT_VERSION = 5.0;
				TARGETED_DEVICE_FAMILY = "1,2";
				TEST_HOST = "$(BUILT_PRODUCTS_DIR)/ExamSaleHere.app/$(BUNDLE_EXECUTABLE_FOLDER_PATH)/ExamSaleHere";
			};
			name = Debug;
		};
		EF782E27298A94B500EB748B /* Release */ = {
			isa = XCBuildConfiguration;
			baseConfigurationReference = BFE7D4DC2E35A8D0C111FEFB /* Pods-ExamSaleHereTests.release.xcconfig */;
			buildSettings = {
				ALWAYS_EMBED_SWIFT_STANDARD_LIBRARIES = YES;
				BUNDLE_LOADER = "$(TEST_HOST)";
				CODE_SIGN_STYLE = Automatic;
				CURRENT_PROJECT_VERSION = 1;
				GENERATE_INFOPLIST_FILE = YES;
				IPHONEOS_DEPLOYMENT_TARGET = 16.2;
				MARKETING_VERSION = 1.0;
				PRODUCT_BUNDLE_IDENTIFIER = strong.com.ExamSaleHereTests;
				PRODUCT_NAME = "$(TARGET_NAME)";
				SWIFT_EMIT_LOC_STRINGS = NO;
				SWIFT_VERSION = 5.0;
				TARGETED_DEVICE_FAMILY = "1,2";
				TEST_HOST = "$(BUILT_PRODUCTS_DIR)/ExamSaleHere.app/$(BUNDLE_EXECUTABLE_FOLDER_PATH)/ExamSaleHere";
			};
			name = Release;
		};
		EF782E29298A94B500EB748B /* Debug */ = {
			isa = XCBuildConfiguration;
			baseConfigurationReference = B0638D2E9FFB47F55A7BB445 /* Pods-ExamSaleHere-ExamSaleHereUITests.debug.xcconfig */;
			buildSettings = {
				ALWAYS_EMBED_SWIFT_STANDARD_LIBRARIES = YES;
				CODE_SIGN_STYLE = Automatic;
				CURRENT_PROJECT_VERSION = 1;
				GENERATE_INFOPLIST_FILE = YES;
				MARKETING_VERSION = 1.0;
				PRODUCT_BUNDLE_IDENTIFIER = strong.com.ExamSaleHereUITests;
				PRODUCT_NAME = "$(TARGET_NAME)";
				SWIFT_EMIT_LOC_STRINGS = NO;
				SWIFT_VERSION = 5.0;
				TARGETED_DEVICE_FAMILY = "1,2";
				TEST_TARGET_NAME = ExamSaleHere;
			};
			name = Debug;
		};
		EF782E2A298A94B500EB748B /* Release */ = {
			isa = XCBuildConfiguration;
			baseConfigurationReference = DF4396676FC89FAE4707255B /* Pods-ExamSaleHere-ExamSaleHereUITests.release.xcconfig */;
			buildSettings = {
				ALWAYS_EMBED_SWIFT_STANDARD_LIBRARIES = YES;
				CODE_SIGN_STYLE = Automatic;
				CURRENT_PROJECT_VERSION = 1;
				GENERATE_INFOPLIST_FILE = YES;
				MARKETING_VERSION = 1.0;
				PRODUCT_BUNDLE_IDENTIFIER = strong.com.ExamSaleHereUITests;
				PRODUCT_NAME = "$(TARGET_NAME)";
				SWIFT_EMIT_LOC_STRINGS = NO;
				SWIFT_VERSION = 5.0;
				TARGETED_DEVICE_FAMILY = "1,2";
				TEST_TARGET_NAME = ExamSaleHere;
			};
			name = Release;
		};
/* End XCBuildConfiguration section */

/* Begin XCConfigurationList section */
		EF782DF3298A94B300EB748B /* Build configuration list for PBXProject "ExamSaleHere" */ = {
			isa = XCConfigurationList;
			buildConfigurations = (
				EF782E20298A94B500EB748B /* Debug */,
				EF782E21298A94B500EB748B /* Release */,
			);
			defaultConfigurationIsVisible = 0;
			defaultConfigurationName = Release;
		};
		EF782E22298A94B500EB748B /* Build configuration list for PBXNativeTarget "ExamSaleHere" */ = {
			isa = XCConfigurationList;
			buildConfigurations = (
				EF782E23298A94B500EB748B /* Debug */,
				EF782E24298A94B500EB748B /* Release */,
			);
			defaultConfigurationIsVisible = 0;
			defaultConfigurationName = Release;
		};
		EF782E25298A94B500EB748B /* Build configuration list for PBXNativeTarget "ExamSaleHereTests" */ = {
			isa = XCConfigurationList;
			buildConfigurations = (
				EF782E26298A94B500EB748B /* Debug */,
				EF782E27298A94B500EB748B /* Release */,
			);
			defaultConfigurationIsVisible = 0;
			defaultConfigurationName = Release;
		};
		EF782E28298A94B500EB748B /* Build configuration list for PBXNativeTarget "ExamSaleHereUITests" */ = {
			isa = XCConfigurationList;
			buildConfigurations = (
				EF782E29298A94B500EB748B /* Debug */,
				EF782E2A298A94B500EB748B /* Release */,
			);
			defaultConfigurationIsVisible = 0;
			defaultConfigurationName = Release;
		};
/* End XCConfigurationList section */
	};
	rootObject = EF782DF0298A94B300EB748B /* Project object */;
}
